
Microsoft Visual Studio Solution File, Format Version 12.00
# Visual Studio Version 16
VisualStudioVersion = 16.0.30717.126
MinimumVisualStudioVersion = 10.0.40219.1
Project("{FAE04EC0-301F-11D3-BF4B-00C04F79EFBC}") = "LINQToSQL(NareshIT)", "LINQToSQL(NareshIT)\LINQToSQL(NareshIT).csproj", "{94148DBE-25C9-4109-93CE-BA48BC967B6B}"
EndProject
Global
	GlobalSection(SolutionConfigurationPlatforms) = preSolution
		Debug|Any CPU = Debug|Any CPU
		Release|Any CPU = Release|Any CPU
	EndGlobalSection
	GlobalSection(ProjectConfigurationPlatforms) = postSolution
		{94148DBE-25C9-4109-93CE-BA48BC967B6B}.Debug|Any CPU.ActiveCfg = Debug|Any CPU
		{94148DBE-25C9-4109-93CE-BA48BC967B6B}.Debug|Any CPU.Build.0 = Debug|Any CPU
		{94148DBE-25C9-4109-93CE-BA48BC967B6B}.Release|Any CPU.ActiveCfg = Release|Any CPU
		{94148DBE-25C9-4109-93CE-BA48BC967B6B}.Release|Any CPU.Build.0 = Release|Any CPU
	EndGlobalSection
	GlobalSection(SolutionProperties) = preSolution
		HideSolutionNode = FALSE
	EndGlobalSection
	GlobalSection(ExtensibilityGlobals) = postSolution
		SolutionGuid = {C4A08B10-4C2B-452A-BA80-46D20BDB8E46}
	EndGlobalSection
EndGlobal
